
Microsoft Visual Studio Solution File, Format Version 12.00
# Visual Studio 15
VisualStudioVersion = 15.0.28307.136
MinimumVisualStudioVersion = 10.0.40219.1
Project("{FAE04EC0-301F-11D3-BF4B-00C04F79EFBC}") = "PhoneBook", "PhoneBook\PhoneBook.csproj", "{639E1391-0380-4F77-A1CF-1368AA18A613}"
EndProject
Project("{54435603-DBB4-11D2-8724-00A0C9A8B90C}") = "PhoneBookSetup", "PhoneBookSetup\PhoneBookSetup.vdproj", "{695980E6-DFF8-433E-A37E-C532AEFDED87}"
EndProject
Global
	GlobalSection(SolutionConfigurationPlatforms) = preSolution
		Debug|Any CPU = Debug|Any CPU
		Release|Any CPU = Release|Any CPU
	EndGlobalSection
	GlobalSection(ProjectConfigurationPlatforms) = postSolution
		{639E1391-0380-4F77-A1CF-1368AA18A613}.Debug|Any CPU.ActiveCfg = Debug|Any CPU
		{639E1391-0380-4F77-A1CF-1368AA18A613}.Debug|Any CPU.Build.0 = Debug|Any CPU
		{639E1391-0380-4F77-A1CF-1368AA18A613}.Release|Any CPU.ActiveCfg = Release|Any CPU
		{639E1391-0380-4F77-A1CF-1368AA18A613}.Release|Any CPU.Build.0 = Release|Any CPU
		{695980E6-DFF8-433E-A37E-C532AEFDED87}.Debug|Any CPU.ActiveCfg = Debug
		{695980E6-DFF8-433E-A37E-C532AEFDED87}.Debug|Any CPU.Build.0 = Debug
		{695980E6-DFF8-433E-A37E-C532AEFDED87}.Release|Any CPU.ActiveCfg = Release
		{695980E6-DFF8-433E-A37E-C532AEFDED87}.Release|Any CPU.Build.0 = Release
	EndGlobalSection
	GlobalSection(SolutionProperties) = preSolution
		HideSolutionNode = FALSE
	EndGlobalSection
	GlobalSection(ExtensibilityGlobals) = postSolution
		SolutionGuid = {4614E07C-CE67-46AE-80F0-137B0A9543E4}
	EndGlobalSection
EndGlobal
